
Microsoft Visual Studio Solution File, Format Version 12.00
# Visual Studio 15
VisualStudioVersion = 15.0.27004.2002
MinimumVisualStudioVersion = 10.0.40219.1
Project("{2150E333-8FDC-42A3-9474-1A3956D46DE8}") = "Solution items", "Solution items", "{AF1C977F-BDC1-494B-8565-4D57DEE4693F}"
	ProjectSection(SolutionItems) = preProject
		.editorconfig = .editorconfig
		.gitignore = .gitignore
		.travis.yml = .travis.yml
		appveyor.yml = appveyor.yml
	EndProjectSection
EndProject
Project("{2150E333-8FDC-42A3-9474-1A3956D46DE8}") = "tests", "tests", "{162813E3-1F32-4841-97D2-EFA4F74D0284}"
EndProject
Project("{2150E333-8FDC-42A3-9474-1A3956D46DE8}") = "scripts", "scripts", "{EF793001-4DC9-470B-A877-ABF0C936A8BC}"
	ProjectSection(SolutionItems) = preProject
		scripts\build.environment.ps1 = scripts\build.environment.ps1
		scripts\tasks.ps1 = scripts\tasks.ps1
		scripts\tests.sh = scripts\tests.sh
	EndProjectSection
EndProject
Project("{2150E333-8FDC-42A3-9474-1A3956D46DE8}") = "src", "src", "{9A64EF31-31FC-4253-99DE-FC564D537913}"
EndProject
Project("{9A19103F-16F7-4668-BE54-9A1E7A4F7556}") = "DesignPatterns.UnitTests", "tests\DesignPatterns.UnitTests\DesignPatterns.UnitTests.csproj", "{B421ABF0-C533-425E-8E63-3C41DBBA6A34}"
EndProject
Project("{9A19103F-16F7-4668-BE54-9A1E7A4F7556}") = "DesignPatterns", "src\DesignPatterns\DesignPatterns.csproj", "{CD0F250F-B8B0-4FAF-BDAA-CF294985D527}"
EndProject
Project("{9A19103F-16F7-4668-BE54-9A1E7A4F7556}") = "Sandbox", "src\Sandbox\Sandbox.csproj", "{488E3175-1FAB-4803-941B-BF3DA0088A64}"
EndProject
Global
	GlobalSection(SolutionConfigurationPlatforms) = preSolution
		Debug|Any CPU = Debug|Any CPU
		Release|Any CPU = Release|Any CPU
	EndGlobalSection
	GlobalSection(ProjectConfigurationPlatforms) = postSolution
		{B421ABF0-C533-425E-8E63-3C41DBBA6A34}.Debug|Any CPU.ActiveCfg = Debug|Any CPU
		{B421ABF0-C533-425E-8E63-3C41DBBA6A34}.Debug|Any CPU.Build.0 = Debug|Any CPU
		{B421ABF0-C533-425E-8E63-3C41DBBA6A34}.Release|Any CPU.ActiveCfg = Release|Any CPU
		{B421ABF0-C533-425E-8E63-3C41DBBA6A34}.Release|Any CPU.Build.0 = Release|Any CPU
		{CD0F250F-B8B0-4FAF-BDAA-CF294985D527}.Debug|Any CPU.ActiveCfg = Debug|Any CPU
		{CD0F250F-B8B0-4FAF-BDAA-CF294985D527}.Debug|Any CPU.Build.0 = Debug|Any CPU
		{CD0F250F-B8B0-4FAF-BDAA-CF294985D527}.Release|Any CPU.ActiveCfg = Release|Any CPU
		{CD0F250F-B8B0-4FAF-BDAA-CF294985D527}.Release|Any CPU.Build.0 = Release|Any CPU
		{488E3175-1FAB-4803-941B-BF3DA0088A64}.Debug|Any CPU.ActiveCfg = Debug|Any CPU
		{488E3175-1FAB-4803-941B-BF3DA0088A64}.Debug|Any CPU.Build.0 = Debug|Any CPU
		{488E3175-1FAB-4803-941B-BF3DA0088A64}.Release|Any CPU.ActiveCfg = Release|Any CPU
		{488E3175-1FAB-4803-941B-BF3DA0088A64}.Release|Any CPU.Build.0 = Release|Any CPU
	EndGlobalSection
	GlobalSection(SolutionProperties) = preSolution
		HideSolutionNode = FALSE
	EndGlobalSection
	GlobalSection(NestedProjects) = preSolution
		{B421ABF0-C533-425E-8E63-3C41DBBA6A34} = {162813E3-1F32-4841-97D2-EFA4F74D0284}
		{CD0F250F-B8B0-4FAF-BDAA-CF294985D527} = {9A64EF31-31FC-4253-99DE-FC564D537913}
		{488E3175-1FAB-4803-941B-BF3DA0088A64} = {9A64EF31-31FC-4253-99DE-FC564D537913}
	EndGlobalSection
	GlobalSection(ExtensibilityGlobals) = postSolution
		SolutionGuid = {AA241025-4100-4D8C-BE7D-8CFA63329BB0}
	EndGlobalSection
EndGlobal
